// !$*UTF8*$!
{
	archiveVersion = 1;
	classes = {
	};
	objectVersion = 55;
	objects = {

/* Begin PBXBuildFile section */
		99626C5028A99F6D00E8B967 /* AppDelegate.swift in Sources */ = {isa = PBXBuildFile; fileRef = 99626C4F28A99F6D00E8B967 /* AppDelegate.swift */; };
		99626C5228A99F6D00E8B967 /* SceneDelegate.swift in Sources */ = {isa = PBXBuildFile; fileRef = 99626C5128A99F6D00E8B967 /* SceneDelegate.swift */; };
		99626C5428A99F6D00E8B967 /* ViewController.swift in Sources */ = {isa = PBXBuildFile; fileRef = 99626C5328A99F6D00E8B967 /* ViewController.swift */; };
		99626C5728A99F6D00E8B967 /* Main.storyboard in Resources */ = {isa = PBXBuildFile; fileRef = 99626C5528A99F6D00E8B967 /* Main.storyboard */; };
		99626C5928A99F7200E8B967 /* Assets.xcassets in Resources */ = {isa = PBXBuildFile; fileRef = 99626C5828A99F7200E8B967 /* Assets.xcassets */; };
		99626C5C28A99F7200E8B967 /* LaunchScreen.storyboard in Resources */ = {isa = PBXBuildFile; fileRef = 99626C5A28A99F7200E8B967 /* LaunchScreen.storyboard */; };
		998FAD0C2964CB1C009E1E1A /* KnotAPI.xcframework in Frameworks */ = {isa = PBXBuildFile; fileRef = 998FAD0B2964CB1C009E1E1A /* KnotAPI.xcframework */; };
		998FAD0D2964CB1C009E1E1A /* KnotAPI.xcframework in Embed Frameworks */ = {isa = PBXBuildFile; fileRef = 998FAD0B2964CB1C009E1E1A /* KnotAPI.xcframework */; settings = {ATTRIBUTES = (CodeSignOnCopy, RemoveHeadersOnCopy, ); }; };
		CF7C1664F910FB14D8462437 /* Pods_KnotDemo.framework in Frameworks */ = {isa = PBXBuildFile; fileRef = DCF7C09E2F9D3F91C72C3C00 /* Pods_KnotDemo.framework */; };
/* End PBXBuildFile section */

/* Begin PBXCopyFilesBuildPhase section */
		998FAD0E2964CB1C009E1E1A /* Embed Frameworks */ = {
			isa = PBXCopyFilesBuildPhase;
			buildActionMask = 2147483647;
			dstPath = "";
			dstSubfolderSpec = 10;
			files = (
				998FAD0D2964CB1C009E1E1A /* KnotAPI.xcframework in Embed Frameworks */,
			);
			name = "Embed Frameworks";
			runOnlyForDeploymentPostprocessing = 0;
		};
/* End PBXCopyFilesBuildPhase section */

/* Begin PBXFileReference section */
		552F492349B3DA5A199D80F4 /* Pods-KnotDemo.release.xcconfig */ = {isa = PBXFileReference; includeInIndex = 1; lastKnownFileType = text.xcconfig; name = "Pods-KnotDemo.release.xcconfig"; path = "Target Support Files/Pods-KnotDemo/Pods-KnotDemo.release.xcconfig"; sourceTree = "<group>"; };
		99626C4C28A99F6D00E8B967 /* KnotDemo.app */ = {isa = PBXFileReference; explicitFileType = wrapper.application; includeInIndex = 0; path = KnotDemo.app; sourceTree = BUILT_PRODUCTS_DIR; };
		99626C4F28A99F6D00E8B967 /* AppDelegate.swift */ = {isa = PBXFileReference; lastKnownFileType = sourcecode.swift; path = AppDelegate.swift; sourceTree = "<group>"; };
		99626C5128A99F6D00E8B967 /* SceneDelegate.swift */ = {isa = PBXFileReference; lastKnownFileType = sourcecode.swift; path = SceneDelegate.swift; sourceTree = "<group>"; };
		99626C5328A99F6D00E8B967 /* ViewController.swift */ = {isa = PBXFileReference; lastKnownFileType = sourcecode.swift; path = ViewController.swift; sourceTree = "<group>"; };
		99626C5628A99F6D00E8B967 /* Base */ = {isa = PBXFileReference; lastKnownFileType = file.storyboard; name = Base; path = Base.lproj/Main.storyboard; sourceTree = "<group>"; };
		99626C5828A99F7200E8B967 /* Assets.xcassets */ = {isa = PBXFileReference; lastKnownFileType = folder.assetcatalog; path = Assets.xcassets; sourceTree = "<group>"; };
		99626C5B28A99F7200E8B967 /* Base */ = {isa = PBXFileReference; lastKnownFileType = file.storyboard; name = Base; path = Base.lproj/LaunchScreen.storyboard; sourceTree = "<group>"; };
		99626C5D28A99F7200E8B967 /* Info.plist */ = {isa = PBXFileReference; lastKnownFileType = text.plist.xml; path = Info.plist; sourceTree = "<group>"; };
		998FAD0B2964CB1C009E1E1A /* KnotAPI.xcframework */ = {isa = PBXFileReference; lastKnownFileType = wrapper.xcframework; name = KnotAPI.xcframework; path = "../knotapi-ios-sdk/dist/KnotAPI.xcframework"; sourceTree = "<group>"; };
		9A585A710A8F811E514C8A1F /* Pods-KnotDemo.debug.xcconfig */ = {isa = PBXFileReference; includeInIndex = 1; lastKnownFileType = text.xcconfig; name = "Pods-KnotDemo.debug.xcconfig"; path = "Target Support Files/Pods-KnotDemo/Pods-KnotDemo.debug.xcconfig"; sourceTree = "<group>"; };
		DCF7C09E2F9D3F91C72C3C00 /* Pods_KnotDemo.framework */ = {isa = PBXFileReference; explicitFileType = wrapper.framework; includeInIndex = 0; path = Pods_KnotDemo.framework; sourceTree = BUILT_PRODUCTS_DIR; };
/* End PBXFileReference section */

/* Begin PBXFrameworksBuildPhase section */
		99626C4928A99F6D00E8B967 /* Frameworks */ = {
			isa = PBXFrameworksBuildPhase;
			buildActionMask = 2147483647;
			files = (
				998FAD0C2964CB1C009E1E1A /* KnotAPI.xcframework in Frameworks */,
				CF7C1664F910FB14D8462437 /* Pods_KnotDemo.framework in Frameworks */,
			);
			runOnlyForDeploymentPostprocessing = 0;
		};
/* End PBXFrameworksBuildPhase section */

/* Begin PBXGroup section */
		1E66E77E4DE4EF9E414B5C5A /* Frameworks */ = {
			isa = PBXGroup;
			children = (
				998FAD0B2964CB1C009E1E1A /* KnotAPI.xcframework */,
				DCF7C09E2F9D3F91C72C3C00 /* Pods_KnotDemo.framework */,
			);
			name = Frameworks;
			sourceTree = "<group>";
		};
		5FA5AD59AEE0C5D7BEDA5E59 /* Pods */ = {
			isa = PBXGroup;
			children = (
				9A585A710A8F811E514C8A1F /* Pods-KnotDemo.debug.xcconfig */,
				552F492349B3DA5A199D80F4 /* Pods-KnotDemo.release.xcconfig */,
			);
			path = Pods;
			sourceTree = "<group>";
		};
		99626C4328A99F6D00E8B967 = {
			isa = PBXGroup;
			children = (
				99626C4E28A99F6D00E8B967 /* KnotDemo */,
				99626C4D28A99F6D00E8B967 /* Products */,
				5FA5AD59AEE0C5D7BEDA5E59 /* Pods */,
				1E66E77E4DE4EF9E414B5C5A /* Frameworks */,
			);
			sourceTree = "<group>";
		};
		99626C4D28A99F6D00E8B967 /* Products */ = {
			isa = PBXGroup;
			children = (
				99626C4C28A99F6D00E8B967 /* KnotDemo.app */,
			);
			name = Products;
			sourceTree = "<group>";
		};
		99626C4E28A99F6D00E8B967 /* KnotDemo */ = {
			isa = PBXGroup;
			children = (
				99626C4F28A99F6D00E8B967 /* AppDelegate.swift */,
				99626C5128A99F6D00E8B967 /* SceneDelegate.swift */,
				99626C5328A99F6D00E8B967 /* ViewController.swift */,
				99626C5528A99F6D00E8B967 /* Main.storyboard */,
				99626C5828A99F7200E8B967 /* Assets.xcassets */,
				99626C5A28A99F7200E8B967 /* LaunchScreen.storyboard */,
				99626C5D28A99F7200E8B967 /* Info.plist */,
			);
			path = KnotDemo;
			sourceTree = "<group>";
		};
/* End PBXGroup section */

/* Begin PBXNativeTarget section */
		99626C4B28A99F6D00E8B967 /* KnotDemo */ = {
			isa = PBXNativeTarget;
			buildConfigurationList = 99626C6028A99F7200E8B967 /* Build configuration list for PBXNativeTarget "KnotDemo" */;
			buildPhases = (
				6D3EBD535B3615CCBD7589D8 /* [CP] Check Pods Manifest.lock */,
				99626C4828A99F6D00E8B967 /* Sources */,
				99626C4928A99F6D00E8B967 /* Frameworks */,
				99626C4A28A99F6D00E8B967 /* Resources */,
				998FAD0E2964CB1C009E1E1A /* Embed Frameworks */,
			);
			buildRules = (
			);
			dependencies = (
			);
			name = KnotDemo;
			productName = KnotDemo;
			productReference = 99626C4C28A99F6D00E8B967 /* KnotDemo.app */;
			productType = "com.apple.product-type.application";
		};
/* End PBXNativeTarget section */

/* Begin PBXProject section */
		99626C4428A99F6D00E8B967 /* Project object */ = {
			isa = PBXProject;
			attributes = {
				BuildIndependentTargetsInParallel = 1;
				LastSwiftUpdateCheck = 1340;
				LastUpgradeCheck = 1340;
				TargetAttributes = {
					99626C4B28A99F6D00E8B967 = {
						CreatedOnToolsVersion = 13.4.1;
					};
				};
			};
			buildConfigurationList = 99626C4728A99F6D00E8B967 /* Build configuration list for PBXProject "KnotDemo" */;
			compatibilityVersion = "Xcode 13.0";
			developmentRegion = en;
			hasScannedForEncodings = 0;
			knownRegions = (
				en,
				Base,
			);
			mainGroup = 99626C4328A99F6D00E8B967;
			productRefGroup = 99626C4D28A99F6D00E8B967 /* Products */;
			projectDirPath = "";
			projectRoot = "";
			targets = (
				99626C4B28A99F6D00E8B967 /* KnotDemo */,
			);
		};
/* End PBXProject section */

/* Begin PBXResourcesBuildPhase section */
		99626C4A28A99F6D00E8B967 /* Resources */ = {
			isa = PBXResourcesBuildPhase;
			buildActionMask = 2147483647;
			files = (
				99626C5C28A99F7200E8B967 /* LaunchScreen.storyboard in Resources */,
				99626C5928A99F7200E8B967 /* Assets.xcassets in Resources */,
				99626C5728A99F6D00E8B967 /* Main.storyboard in Resources */,
			);
			runOnlyForDeploymentPostprocessing = 0;
		};
/* End PBXResourcesBuildPhase section */

/* Begin PBXShellScriptBuildPhase section */
		6D3EBD535B3615CCBD7589D8 /* [CP] Check Pods Manifest.lock */ = {
			isa = PBXShellScriptBuildPhase;
			buildActionMask = 2147483647;
			files = (
			);
			inputFileListPaths = (
			);
			inputPaths = (
				"${PODS_PODFILE_DIR_PATH}/Podfile.lock",
				"${PODS_ROOT}/Manifest.lock",
			);
			name = "[CP] Check Pods Manifest.lock";
			outputFileListPaths = (
			);
			outputPaths = (
				"$(DERIVED_FILE_DIR)/Pods-KnotDemo-checkManifestLockResult.txt",
			);
			runOnlyForDeploymentPostprocessing = 0;
			shellPath = /bin/sh;
			shellScript = "diff \"${PODS_PODFILE_DIR_PATH}/Podfile.lock\" \"${PODS_ROOT}/Manifest.lock\" > /dev/null\nif [ $? != 0 ] ; then\n    # print error to STDERR\n    echo \"error: The sandbox is not in sync with the Podfile.lock. Run 'pod install' or update your CocoaPods installation.\" >&2\n    exit 1\nfi\n# This output is used by Xcode 'outputs' to avoid re-running this script phase.\necho \"SUCCESS\" > \"${SCRIPT_OUTPUT_FILE_0}\"\n";
			showEnvVarsInLog = 0;
		};
/* End PBXShellScriptBuildPhase section */

/* Begin PBXSourcesBuildPhase section */
		99626C4828A99F6D00E8B967 /* Sources */ = {
			isa = PBXSourcesBuildPhase;
			buildActionMask = 2147483647;
			files = (
				99626C5428A99F6D00E8B967 /* ViewController.swift in Sources */,
				99626C5028A99F6D00E8B967 /* AppDelegate.swift in Sources */,
				99626C5228A99F6D00E8B967 /* SceneDelegate.swift in Sources */,
			);
			runOnlyForDeploymentPostprocessing = 0;
		};
/* End PBXSourcesBuildPhase section */

/* Begin PBXVariantGroup section */
		99626C5528A99F6D00E8B967 /* Main.storyboard */ = {
			isa = PBXVariantGroup;
			children = (
				99626C5628A99F6D00E8B967 /* Base */,
			);
			name = Main.storyboard;
			sourceTree = "<group>";
		};
		99626C5A28A99F7200E8B967 /* LaunchScreen.storyboard */ = {
			isa = PBXVariantGroup;
			children = (
				99626C5B28A99F7200E8B967 /* Base */,
			);
			name = LaunchScreen.storyboard;
			sourceTree = "<group>";
		};
/* End PBXVariantGroup section */

/* Begin XCBuildConfiguration section */
		99626C5E28A99F7200E8B967 /* Debug */ = {
			isa = XCBuildConfiguration;
			buildSettings = {
				ALWAYS_SEARCH_USER_PATHS = NO;
				CLANG_ANALYZER_NONNULL = YES;
				CLANG_ANALYZER_NUMBER_OBJECT_CONVERSION = YES_AGGRESSIVE;
				CLANG_CXX_LANGUAGE_STANDARD = "gnu++17";
				CLANG_ENABLE_MODULES = YES;
				CLANG_ENABLE_OBJC_ARC = YES;
				CLANG_ENABLE_OBJC_WEAK = YES;
				CLANG_WARN_BLOCK_CAPTURE_AUTORELEASING = YES;
				CLANG_WARN_BOOL_CONVERSION = YES;
				CLANG_WARN_COMMA = YES;
				CLANG_WARN_CONSTANT_CONVERSION = YES;
				CLANG_WARN_DEPRECATED_OBJC_IMPLEMENTATIONS = YES;
				CLANG_WARN_DIRECT_OBJC_ISA_USAGE = YES_ERROR;
				CLANG_WARN_DOCUMENTATION_COMMENTS = YES;
				CLANG_WARN_EMPTY_BODY = YES;
				CLANG_WARN_ENUM_CONVERSION = YES;
				CLANG_WARN_INFINITE_RECURSION = YES;
				CLANG_WARN_INT_CONVERSION = YES;
				CLANG_WARN_NON_LITERAL_NULL_CONVERSION = YES;
				CLANG_WARN_OBJC_IMPLICIT_RETAIN_SELF = YES;
				CLANG_WARN_OBJC_LITERAL_CONVERSION = YES;
				CLANG_WARN_OBJC_ROOT_CLASS = YES_ERROR;
				CLANG_WARN_QUOTED_INCLUDE_IN_FRAMEWORK_HEADER = YES;
				CLANG_WARN_RANGE_LOOP_ANALYSIS = YES;
				CLANG_WARN_STRICT_PROTOTYPES = YES;
				CLANG_WARN_SUSPICIOUS_MOVE = YES;
				CLANG_WARN_UNGUARDED_AVAILABILITY = YES_AGGRESSIVE;
				CLANG_WARN_UNREACHABLE_CODE = YES;
				CLANG_WARN__DUPLICATE_METHOD_MATCH = YES;
				COPY_PHASE_STRIP = NO;
				DEBUG_INFORMATION_FORMAT = dwarf;
				ENABLE_STRICT_OBJC_MSGSEND = YES;
				ENABLE_TESTABILITY = YES;
				GCC_C_LANGUAGE_STANDARD = gnu11;
				GCC_DYNAMIC_NO_PIC = NO;
				GCC_NO_COMMON_BLOCKS = YES;
				GCC_OPTIMIZATION_LEVEL = 0;
				GCC_PREPROCESSOR_DEFINITIONS = (
					"DEBUG=1",
					"$(inherited)",
				);
				GCC_WARN_64_TO_32_BIT_CONVERSION = YES;
				GCC_WARN_ABOUT_RETURN_TYPE = YES_ERROR;
				GCC_WARN_UNDECLARED_SELECTOR = YES;
				GCC_WARN_UNINITIALIZED_AUTOS = YES_AGGRESSIVE;
				GCC_WARN_UNUSED_FUNCTION = YES;
				GCC_WARN_UNUSED_VARIABLE = YES;
				IPHONEOS_DEPLOYMENT_TARGET = 15.5;
				MTL_ENABLE_DEBUG_INFO = INCLUDE_SOURCE;
				MTL_FAST_MATH = YES;
				ONLY_ACTIVE_ARCH = YES;
				SDKROOT = iphoneos;
				SWIFT_ACTIVE_COMPILATION_CONDITIONS = DEBUG;
				SWIFT_OPTIMIZATION_LEVEL = "-Onone";
			};
			name = Debug;
		};
		99626C5F28A99F7200E8B967 /* Release */ = {
			isa = XCBuildConfiguration;
			buildSettings = {
				ALWAYS_SEARCH_USER_PATHS = NO;
				CLANG_ANALYZER_NONNULL = YES;
				CLANG_ANALYZER_NUMBER_OBJECT_CONVERSION = YES_AGGRESSIVE;
				CLANG_CXX_LANGUAGE_STANDARD = "gnu++17";
				CLANG_ENABLE_MODULES = YES;
				CLANG_ENABLE_OBJC_ARC = YES;
				CLANG_ENABLE_OBJC_WEAK = YES;
				CLANG_WARN_BLOCK_CAPTURE_AUTORELEASING = YES;
				CLANG_WARN_BOOL_CONVERSION = YES;
				CLANG_WARN_COMMA = YES;
				CLANG_WARN_CONSTANT_CONVERSION = YES;
				CLANG_WARN_DEPRECATED_OBJC_IMPLEMENTATIONS = YES;
				CLANG_WARN_DIRECT_OBJC_ISA_USAGE = YES_ERROR;
				CLANG_WARN_DOCUMENTATION_COMMENTS = YES;
				CLANG_WARN_EMPTY_BODY = YES;
				CLANG_WARN_ENUM_CONVERSION = YES;
				CLANG_WARN_INFINITE_RECURSION = YES;
				CLANG_WARN_INT_CONVERSION = YES;
				CLANG_WARN_NON_LITERAL_NULL_CONVERSION = YES;
				CLANG_WARN_OBJC_IMPLICIT_RETAIN_SELF = YES;
				CLANG_WARN_OBJC_LITERAL_CONVERSION = YES;
				CLANG_WARN_OBJC_ROOT_CLASS = YES_ERROR;
				CLANG_WARN_QUOTED_INCLUDE_IN_FRAMEWORK_HEADER = YES;
				CLANG_WARN_RANGE_LOOP_ANALYSIS = YES;
				CLANG_WARN_STRICT_PROTOTYPES = YES;
				CLANG_WARN_SUSPICIOUS_MOVE = YES;
				CLANG_WARN_UNGUARDED_AVAILABILITY = YES_AGGRESSIVE;
				CLANG_WARN_UNREACHABLE_CODE = YES;
				CLANG_WARN__DUPLICATE_METHOD_MATCH = YES;
				COPY_PHASE_STRIP = NO;
				DEBUG_INFORMATION_FORMAT = "dwarf-with-dsym";
				ENABLE_NS_ASSERTIONS = NO;
				ENABLE_STRICT_OBJC_MSGSEND = YES;
				GCC_C_LANGUAGE_STANDARD = gnu11;
				GCC_NO_COMMON_BLOCKS = YES;
				GCC_WARN_64_TO_32_BIT_CONVERSION = YES;
				GCC_WARN_ABOUT_RETURN_TYPE = YES_ERROR;
				GCC_WARN_UNDECLARED_SELECTOR = YES;
				GCC_WARN_UNINITIALIZED_AUTOS = YES_AGGRESSIVE;
				GCC_WARN_UNUSED_FUNCTION = YES;
				GCC_WARN_UNUSED_VARIABLE = YES;
				IPHONEOS_DEPLOYMENT_TARGET = 15.5;
				MTL_ENABLE_DEBUG_INFO = NO;
				MTL_FAST_MATH = YES;
				SDKROOT = iphoneos;
				SWIFT_COMPILATION_MODE = wholemodule;
				SWIFT_OPTIMIZATION_LEVEL = "-O";
				VALIDATE_PRODUCT = YES;
			};
			name = Release;
		};
		99626C6128A99F7200E8B967 /* Debug */ = {
			isa = XCBuildConfiguration;
			baseConfigurationReference = 9A585A710A8F811E514C8A1F /* Pods-KnotDemo.debug.xcconfig */;
			buildSettings = {
				ASSETCATALOG_COMPILER_APPICON_NAME = AppIcon;
				ASSETCATALOG_COMPILER_GLOBAL_ACCENT_COLOR_NAME = AccentColor;
				BUILD_LIBRARY_FOR_DISTRIBUTION = YES;
				CODE_SIGN_STYLE = Automatic;
				CURRENT_PROJECT_VERSION = 5;
				DEVELOPMENT_TEAM = RCF226JZTL;
				GENERATE_INFOPLIST_FILE = YES;
				INFOPLIST_FILE = KnotDemo/Info.plist;
				INFOPLIST_KEY_CFBundleDisplayName = KnotDemo;
				INFOPLIST_KEY_UIApplicationSupportsIndirectInputEvents = YES;
				INFOPLIST_KEY_UILaunchStoryboardName = LaunchScreen;
				INFOPLIST_KEY_UIMainStoryboardFile = Main;
				INFOPLIST_KEY_UISupportedInterfaceOrientations_iPad = "UIInterfaceOrientationPortrait UIInterfaceOrientationPortraitUpsideDown UIInterfaceOrientationLandscapeLeft UIInterfaceOrientationLandscapeRight";
				INFOPLIST_KEY_UISupportedInterfaceOrientations_iPhone = "UIInterfaceOrientationPortrait UIInterfaceOrientationLandscapeLeft UIInterfaceOrientationLandscapeRight";
				LD_RUNPATH_SEARCH_PATHS = (
					"$(inherited)",
					"@executable_path/Frameworks",
				);
				MARKETING_VERSION = 1.0;
				PRODUCT_BUNDLE_IDENTIFIER = com.knotapi.demo;
				PRODUCT_NAME = "$(TARGET_NAME)";
				SWIFT_EMIT_LOC_STRINGS = YES;
				SWIFT_VERSION = 5.0;
				TARGETED_DEVICE_FAMILY = "1,2";
			};
			name = Debug;
		};
		99626C6228A99F7200E8B967 /* Release */ = {
			isa = XCBuildConfiguration;
			baseConfigurationReference = 552F492349B3DA5A199D80F4 /* Pods-KnotDemo.release.xcconfig */;
			buildSettings = {
				ASSETCATALOG_COMPILER_APPICON_NAME = AppIcon;
				ASSETCATALOG_COMPILER_GLOBAL_ACCENT_COLOR_NAME = AccentColor;
				BUILD_LIBRARY_FOR_DISTRIBUTION = YES;
				CODE_SIGN_IDENTITY = "Apple Development";
				CODE_SIGN_STYLE = Automatic;
				CURRENT_PROJECT_VERSION = 5;
				DEVELOPMENT_TEAM = RCF226JZTL;
				GENERATE_INFOPLIST_FILE = YES;
				INFOPLIST_FILE = KnotDemo/Info.plist;
				INFOPLIST_KEY_CFBundleDisplayName = KnotDemo;
				INFOPLIST_KEY_UIApplicationSupportsIndirectInputEvents = YES;
				INFOPLIST_KEY_UILaunchStoryboardName = LaunchScreen;
				INFOPLIST_KEY_UIMainStoryboardFile = Main;
				INFOPLIST_KEY_UISupportedInterfaceOrientations_iPad = "UIInterfaceOrientationPortrait UIInterfaceOrientationPortraitUpsideDown UIInterfaceOrientationLandscapeLeft UIInterfaceOrientationLandscapeRight";
				INFOPLIST_KEY_UISupportedInterfaceOrientations_iPhone = "UIInterfaceOrientationPortrait UIInterfaceOrientationLandscapeLeft UIInterfaceOrientationLandscapeRight";
				LD_RUNPATH_SEARCH_PATHS = (
					"$(inherited)",
					"@executable_path/Frameworks",
				);
				MARKETING_VERSION = 1.0;
				PRODUCT_BUNDLE_IDENTIFIER = com.knotapi.demo;
				PRODUCT_NAME = "$(TARGET_NAME)";
				PROVISIONING_PROFILE_SPECIFIER = "";
				SWIFT_EMIT_LOC_STRINGS = YES;
				SWIFT_VERSION = 5.0;
				TARGETED_DEVICE_FAMILY = "1,2";
			};
			name = Release;
		};
/* End XCBuildConfiguration section */

/* Begin XCConfigurationList section */
		99626C4728A99F6D00E8B967 /* Build configuration list for PBXProject "KnotDemo" */ = {
			isa = XCConfigurationList;
			buildConfigurations = (
				99626C5E28A99F7200E8B967 /* Debug */,
				99626C5F28A99F7200E8B967 /* Release */,
			);
			defaultConfigurationIsVisible = 0;
			defaultConfigurationName = Release;
		};
		99626C6028A99F7200E8B967 /* Build configuration list for PBXNativeTarget "KnotDemo" */ = {
			isa = XCConfigurationList;
			buildConfigurations = (
				99626C6128A99F7200E8B967 /* Debug */,
				99626C6228A99F7200E8B967 /* Release */,
			);
			defaultConfigurationIsVisible = 0;
			defaultConfigurationName = Release;
		};
/* End XCConfigurationList section */
	};
	rootObject = 99626C4428A99F6D00E8B967 /* Project object */;
}
